<?xml version="1.0" encoding="UTF-8" standalone="yes" ?>
<CodeBlocks_project_file>
	<FileVersion major="1" minor="6" />
	<Project>
		<Option title="MT4Linux" />
		<Option makefile_is_custom="1" />
		<Option execution_dir="../../MT4" />
		<Option pch_mode="2" />
		<Option compiler="gcc" />
		<MakeCommands>
			<Build command="$make -f $makefile " />
			<CompileFile command="$make -f $makefile $file" />
			<Clean command="$make -f $makefile clean" />
			<DistClean command="$make -f $makefile distclean$target" />
			<AskRebuildNeeded command="$make -q -f $makefile " />
			<SilentBuild command="$make -s -f $makefile" />
		</MakeCommands>
		<Build>
			<Target title="Debug">
				<Option output="../MT4" prefix_auto="1" extension_auto="1" />
				<Option working_dir="../../MT4" />
				<Option object_output="obj/Debug/" />
				<Option type="1" />
				<Option compiler="gcc" />
				<Compiler>
					<Add option="-g" />
				</Compiler>
				<MakeCommands>
					<Build command="$make -f $makefile" />
					<CompileFile command="$make -f $makefile $file" />
					<Clean command="$make -f $makefile clean" />
					<DistClean command="$make -f $makefile distclean$target" />
					<AskRebuildNeeded command="$make -q -f $makefile" />
					<SilentBuild command="$make -s -f $makefile" />
				</MakeCommands>
			</Target>
			<Target title="Release">
				<Option output="../MT4" prefix_auto="1" extension_auto="1" />
				<Option working_dir="../../MT4" />
				<Option object_output="obj/Release/" />
				<Option type="1" />
				<Option compiler="gcc" />
				<Compiler>
					<Add option="-O2" />
				</Compiler>
				<Linker>
					<Add option="-s" />
				</Linker>
				<MakeCommands>
					<Build command="$make -f $makefile" />
					<CompileFile command="$make -f $makefile $file" />
					<Clean command="$make -f $makefile clean" />
					<DistClean command="$make -f $makefile distclean$target" />
					<AskRebuildNeeded command="$make -q -f $makefile " />
					<SilentBuild command="$make -s -f $makefile " />
				</MakeCommands>
			</Target>
		</Build>
		<Compiler>
			<Add option="-Wall" />
		</Compiler>
		<Linker>
			<Add library="sfml-graphics" />
			<Add library="sfml-window" />
			<Add library="sfml-system" />
		</Linker>
		<ExtraCommands>
			<Add before="qmake" />
		</ExtraCommands>
		<Unit filename="../MT4.pro" />
		<Unit filename="../src/MT4Header.hpp" />
		<Unit filename="../src/body.cpp" />
		<Unit filename="../src/body.hpp" />
		<Unit filename="../src/boundingBox.cpp" />
		<Unit filename="../src/boundingBox.hpp" />
		<Unit filename="../src/exception.cpp" />
		<Unit filename="../src/exception.hpp" />
		<Unit filename="../src/game.cpp" />
		<Unit filename="../src/game.hpp" />
		<Unit filename="../src/keyLayout.cpp" />
		<Unit filename="../src/keyLayout.hpp" />
		<Unit filename="../src/main.cpp" />
		<Unit filename="../src/renderer.cpp" />
		<Unit filename="../src/renderer.hpp" />
		<Unit filename="../src/segment.cpp" />
		<Unit filename="../src/segment.hpp" />
		<Unit filename="../src/sprite.cpp" />
		<Unit filename="../src/sprite.hpp" />
		<Unit filename="../src/vect2D.cpp" />
		<Unit filename="../src/vect2D.hpp" />
		<Unit filename="../src/world.cpp" />
		<Unit filename="../src/world.hpp" />
		<Extensions>
			<envvars />
			<code_completion />
			<lib_finder disable_auto="1" />
			<debugger />
		</Extensions>
	</Project>
</CodeBlocks_project_file>
